
Microsoft Visual Studio Solution File, Format Version 12.00
# Visual Studio Version 17
VisualStudioVersion = 17.1.32414.318
MinimumVisualStudioVersion = 10.0.40219.1
Project("{888888A0-9F3D-457C-B088-3A5042F75D52}") = "PCA_QUIZ", "PCA_QUIZ.pyproj", "{C8F68DE7-39FD-483E-9382-4FDDEB9DF4AF}"
EndProject
Global
	GlobalSection(SolutionConfigurationPlatforms) = preSolution
		Debug|Any CPU = Debug|Any CPU
		Release|Any CPU = Release|Any CPU
	EndGlobalSection
	GlobalSection(ProjectConfigurationPlatforms) = postSolution
		{C8F68DE7-39FD-483E-9382-4FDDEB9DF4AF}.Debug|Any CPU.ActiveCfg = Debug|Any CPU
		{C8F68DE7-39FD-483E-9382-4FDDEB9DF4AF}.Release|Any CPU.ActiveCfg = Release|Any CPU
	EndGlobalSection
	GlobalSection(SolutionProperties) = preSolution
		HideSolutionNode = FALSE
	EndGlobalSection
	GlobalSection(ExtensibilityGlobals) = postSolution
		SolutionGuid = {F6BAF335-33BD-47A8-AF15-1C4578FC7C5A}
	EndGlobalSection
EndGlobal
